// !$*UTF8*$!
{
	archiveVersion = 1;
	classes = {
	};
	objectVersion = 56;
	objects = {

/* Begin PBXBuildFile section */
		192AB5D42A65846800A5BE3D /* SettingView.swift in Sources */ = {isa = PBXBuildFile; fileRef = 192AB5D32A65846800A5BE3D /* SettingView.swift */; };
		192AB5D62A65909E00A5BE3D /* CustomListRowView.swift in Sources */ = {isa = PBXBuildFile; fileRef = 192AB5D52A65909E00A5BE3D /* CustomListRowView.swift */; };
		198C0FA62A633EBA00278EB1 /* HikeApp.swift in Sources */ = {isa = PBXBuildFile; fileRef = 198C0FA52A633EBA00278EB1 /* HikeApp.swift */; };
		198C0FA82A633EBA00278EB1 /* ContentView.swift in Sources */ = {isa = PBXBuildFile; fileRef = 198C0FA72A633EBA00278EB1 /* ContentView.swift */; };
		198C0FAA2A633EBC00278EB1 /* Assets.xcassets in Resources */ = {isa = PBXBuildFile; fileRef = 198C0FA92A633EBC00278EB1 /* Assets.xcassets */; };
		198C0FAD2A633EBC00278EB1 /* Preview Assets.xcassets in Resources */ = {isa = PBXBuildFile; fileRef = 198C0FAC2A633EBC00278EB1 /* Preview Assets.xcassets */; };
		198C0FB42A63EADB00278EB1 /* CardView.swift in Sources */ = {isa = PBXBuildFile; fileRef = 198C0FB32A63EADB00278EB1 /* CardView.swift */; };
		198C0FB72A63F9AC00278EB1 /* CustomBackgroundView.swift in Sources */ = {isa = PBXBuildFile; fileRef = 198C0FB62A63F9AC00278EB1 /* CustomBackgroundView.swift */; };
		198C0FBA2A63FCC300278EB1 /* ColorExtention.swift in Sources */ = {isa = PBXBuildFile; fileRef = 198C0FB92A63FCC300278EB1 /* ColorExtention.swift */; };
		198C0FBC2A64067F00278EB1 /* CustomButtonView.swift in Sources */ = {isa = PBXBuildFile; fileRef = 198C0FBB2A64067F00278EB1 /* CustomButtonView.swift */; };
		198C0FBE2A64950B00278EB1 /* GradientButtonStyle.swift in Sources */ = {isa = PBXBuildFile; fileRef = 198C0FBD2A64950B00278EB1 /* GradientButtonStyle.swift */; };
		198C0FC02A65622400278EB1 /* CustomCircleView.swift in Sources */ = {isa = PBXBuildFile; fileRef = 198C0FBF2A65622400278EB1 /* CustomCircleView.swift */; };
		198C0FC22A6569D000278EB1 /* MotionAnimationView.swift in Sources */ = {isa = PBXBuildFile; fileRef = 198C0FC12A6569D000278EB1 /* MotionAnimationView.swift */; };
/* End PBXBuildFile section */

/* Begin PBXFileReference section */
		192AB5D32A65846800A5BE3D /* SettingView.swift */ = {isa = PBXFileReference; lastKnownFileType = sourcecode.swift; name = SettingView.swift; path = Hike/SettingView.swift; sourceTree = SOURCE_ROOT; };
		192AB5D52A65909E00A5BE3D /* CustomListRowView.swift */ = {isa = PBXFileReference; lastKnownFileType = sourcecode.swift; path = CustomListRowView.swift; sourceTree = "<group>"; };
		198C0FA22A633EBA00278EB1 /* Hike.app */ = {isa = PBXFileReference; explicitFileType = wrapper.application; includeInIndex = 0; path = Hike.app; sourceTree = BUILT_PRODUCTS_DIR; };
		198C0FA52A633EBA00278EB1 /* HikeApp.swift */ = {isa = PBXFileReference; lastKnownFileType = sourcecode.swift; path = HikeApp.swift; sourceTree = "<group>"; };
		198C0FA72A633EBA00278EB1 /* ContentView.swift */ = {isa = PBXFileReference; lastKnownFileType = sourcecode.swift; path = ContentView.swift; sourceTree = "<group>"; };
		198C0FA92A633EBC00278EB1 /* Assets.xcassets */ = {isa = PBXFileReference; lastKnownFileType = folder.assetcatalog; path = Assets.xcassets; sourceTree = "<group>"; };
		198C0FAC2A633EBC00278EB1 /* Preview Assets.xcassets */ = {isa = PBXFileReference; lastKnownFileType = folder.assetcatalog; path = "Preview Assets.xcassets"; sourceTree = "<group>"; };
		198C0FB32A63EADB00278EB1 /* CardView.swift */ = {isa = PBXFileReference; lastKnownFileType = sourcecode.swift; path = CardView.swift; sourceTree = "<group>"; };
		198C0FB62A63F9AC00278EB1 /* CustomBackgroundView.swift */ = {isa = PBXFileReference; lastKnownFileType = sourcecode.swift; path = CustomBackgroundView.swift; sourceTree = "<group>"; };
		198C0FB92A63FCC300278EB1 /* ColorExtention.swift */ = {isa = PBXFileReference; lastKnownFileType = sourcecode.swift; path = ColorExtention.swift; sourceTree = "<group>"; };
		198C0FBB2A64067F00278EB1 /* CustomButtonView.swift */ = {isa = PBXFileReference; lastKnownFileType = sourcecode.swift; path = CustomButtonView.swift; sourceTree = "<group>"; };
		198C0FBD2A64950B00278EB1 /* GradientButtonStyle.swift */ = {isa = PBXFileReference; lastKnownFileType = sourcecode.swift; path = GradientButtonStyle.swift; sourceTree = "<group>"; };
		198C0FBF2A65622400278EB1 /* CustomCircleView.swift */ = {isa = PBXFileReference; lastKnownFileType = sourcecode.swift; path = CustomCircleView.swift; sourceTree = "<group>"; };
		198C0FC12A6569D000278EB1 /* MotionAnimationView.swift */ = {isa = PBXFileReference; lastKnownFileType = sourcecode.swift; path = MotionAnimationView.swift; sourceTree = "<group>"; };
/* End PBXFileReference section */

/* Begin PBXFrameworksBuildPhase section */
		198C0F9F2A633EBA00278EB1 /* Frameworks */ = {
			isa = PBXFrameworksBuildPhase;
			buildActionMask = 2147483647;
			files = (
			);
			runOnlyForDeploymentPostprocessing = 0;
		};
/* End PBXFrameworksBuildPhase section */

/* Begin PBXGroup section */
		192AB5D22A65844500A5BE3D /* Screen */ = {
			isa = PBXGroup;
			children = (
				198C0FA72A633EBA00278EB1 /* ContentView.swift */,
				192AB5D32A65846800A5BE3D /* SettingView.swift */,
			);
			path = Screen;
			sourceTree = "<group>";
		};
		198C0F992A633EBA00278EB1 = {
			isa = PBXGroup;
			children = (
				198C0FA42A633EBA00278EB1 /* Hike */,
				198C0FA32A633EBA00278EB1 /* Products */,
			);
			sourceTree = "<group>";
		};
		198C0FA32A633EBA00278EB1 /* Products */ = {
			isa = PBXGroup;
			children = (
				198C0FA22A633EBA00278EB1 /* Hike.app */,
			);
			name = Products;
			sourceTree = "<group>";
		};
		198C0FA42A633EBA00278EB1 /* Hike */ = {
			isa = PBXGroup;
			children = (
				198C0FB82A63FCAB00278EB1 /* Utility */,
				198C0FA52A633EBA00278EB1 /* HikeApp.swift */,
				192AB5D22A65844500A5BE3D /* Screen */,
				198C0FA92A633EBC00278EB1 /* Assets.xcassets */,
				198C0FAB2A633EBC00278EB1 /* Preview Content */,
				198C0FB52A63F97200278EB1 /* Component */,
			);
			path = Hike;
			sourceTree = "<group>";
		};
		198C0FAB2A633EBC00278EB1 /* Preview Content */ = {
			isa = PBXGroup;
			children = (
				198C0FAC2A633EBC00278EB1 /* Preview Assets.xcassets */,
			);
			path = "Preview Content";
			sourceTree = "<group>";
		};
		198C0FB52A63F97200278EB1 /* Component */ = {
			isa = PBXGroup;
			children = (
				198C0FB32A63EADB00278EB1 /* CardView.swift */,
				198C0FB62A63F9AC00278EB1 /* CustomBackgroundView.swift */,
				198C0FBB2A64067F00278EB1 /* CustomButtonView.swift */,
				198C0FBF2A65622400278EB1 /* CustomCircleView.swift */,
				198C0FC12A6569D000278EB1 /* MotionAnimationView.swift */,
				192AB5D52A65909E00A5BE3D /* CustomListRowView.swift */,
			);
			path = Component;
			sourceTree = "<group>";
		};
		198C0FB82A63FCAB00278EB1 /* Utility */ = {
			isa = PBXGroup;
			children = (
				198C0FB92A63FCC300278EB1 /* ColorExtention.swift */,
				198C0FBD2A64950B00278EB1 /* GradientButtonStyle.swift */,
			);
			path = Utility;
			sourceTree = "<group>";
		};
/* End PBXGroup section */

/* Begin PBXNativeTarget section */
		198C0FA12A633EBA00278EB1 /* Hike */ = {
			isa = PBXNativeTarget;
			buildConfigurationList = 198C0FB02A633EBC00278EB1 /* Build configuration list for PBXNativeTarget "Hike" */;
			buildPhases = (
				198C0F9E2A633EBA00278EB1 /* Sources */,
				198C0F9F2A633EBA00278EB1 /* Frameworks */,
				198C0FA02A633EBA00278EB1 /* Resources */,
			);
			buildRules = (
			);
			dependencies = (
			);
			name = Hike;
			productName = Hike;
			productReference = 198C0FA22A633EBA00278EB1 /* Hike.app */;
			productType = "com.apple.product-type.application";
		};
/* End PBXNativeTarget section */

/* Begin PBXProject section */
		198C0F9A2A633EBA00278EB1 /* Project object */ = {
			isa = PBXProject;
			attributes = {
				BuildIndependentTargetsInParallel = 1;
				LastSwiftUpdateCheck = 1430;
				LastUpgradeCheck = 1430;
				TargetAttributes = {
					198C0FA12A633EBA00278EB1 = {
						CreatedOnToolsVersion = 14.3.1;
					};
				};
			};
			buildConfigurationList = 198C0F9D2A633EBA00278EB1 /* Build configuration list for PBXProject "Hike" */;
			compatibilityVersion = "Xcode 14.0";
			developmentRegion = en;
			hasScannedForEncodings = 0;
			knownRegions = (
				en,
				Base,
			);
			mainGroup = 198C0F992A633EBA00278EB1;
			productRefGroup = 198C0FA32A633EBA00278EB1 /* Products */;
			projectDirPath = "";
			projectRoot = "";
			targets = (
				198C0FA12A633EBA00278EB1 /* Hike */,
			);
		};
/* End PBXProject section */

/* Begin PBXResourcesBuildPhase section */
		198C0FA02A633EBA00278EB1 /* Resources */ = {
			isa = PBXResourcesBuildPhase;
			buildActionMask = 2147483647;
			files = (
				198C0FAD2A633EBC00278EB1 /* Preview Assets.xcassets in Resources */,
				198C0FAA2A633EBC00278EB1 /* Assets.xcassets in Resources */,
			);
			runOnlyForDeploymentPostprocessing = 0;
		};
/* End PBXResourcesBuildPhase section */

/* Begin PBXSourcesBuildPhase section */
		198C0F9E2A633EBA00278EB1 /* Sources */ = {
			isa = PBXSourcesBuildPhase;
			buildActionMask = 2147483647;
			files = (
				198C0FA82A633EBA00278EB1 /* ContentView.swift in Sources */,
				192AB5D42A65846800A5BE3D /* SettingView.swift in Sources */,
				192AB5D62A65909E00A5BE3D /* CustomListRowView.swift in Sources */,
				198C0FC02A65622400278EB1 /* CustomCircleView.swift in Sources */,
				198C0FB42A63EADB00278EB1 /* CardView.swift in Sources */,
				198C0FBA2A63FCC300278EB1 /* ColorExtention.swift in Sources */,
				198C0FBC2A64067F00278EB1 /* CustomButtonView.swift in Sources */,
				198C0FBE2A64950B00278EB1 /* GradientButtonStyle.swift in Sources */,
				198C0FC22A6569D000278EB1 /* MotionAnimationView.swift in Sources */,
				198C0FA62A633EBA00278EB1 /* HikeApp.swift in Sources */,
				198C0FB72A63F9AC00278EB1 /* CustomBackgroundView.swift in Sources */,
			);
			runOnlyForDeploymentPostprocessing = 0;
		};
/* End PBXSourcesBuildPhase section */

/* Begin XCBuildConfiguration section */
		198C0FAE2A633EBC00278EB1 /* Debug */ = {
			isa = XCBuildConfiguration;
			buildSettings = {
				ALWAYS_SEARCH_USER_PATHS = NO;
				CLANG_ANALYZER_NONNULL = YES;
				CLANG_ANALYZER_NUMBER_OBJECT_CONVERSION = YES_AGGRESSIVE;
				CLANG_CXX_LANGUAGE_STANDARD = "gnu++20";
				CLANG_ENABLE_MODULES = YES;
				CLANG_ENABLE_OBJC_ARC = YES;
				CLANG_ENABLE_OBJC_WEAK = YES;
				CLANG_WARN_BLOCK_CAPTURE_AUTORELEASING = YES;
				CLANG_WARN_BOOL_CONVERSION = YES;
				CLANG_WARN_COMMA = YES;
				CLANG_WARN_CONSTANT_CONVERSION = YES;
				CLANG_WARN_DEPRECATED_OBJC_IMPLEMENTATIONS = YES;
				CLANG_WARN_DIRECT_OBJC_ISA_USAGE = YES_ERROR;
				CLANG_WARN_DOCUMENTATION_COMMENTS = YES;
				CLANG_WARN_EMPTY_BODY = YES;
				CLANG_WARN_ENUM_CONVERSION = YES;
				CLANG_WARN_INFINITE_RECURSION = YES;
				CLANG_WARN_INT_CONVERSION = YES;
				CLANG_WARN_NON_LITERAL_NULL_CONVERSION = YES;
				CLANG_WARN_OBJC_IMPLICIT_RETAIN_SELF = YES;
				CLANG_WARN_OBJC_LITERAL_CONVERSION = YES;
				CLANG_WARN_OBJC_ROOT_CLASS = YES_ERROR;
				CLANG_WARN_QUOTED_INCLUDE_IN_FRAMEWORK_HEADER = YES;
				CLANG_WARN_RANGE_LOOP_ANALYSIS = YES;
				CLANG_WARN_STRICT_PROTOTYPES = YES;
				CLANG_WARN_SUSPICIOUS_MOVE = YES;
				CLANG_WARN_UNGUARDED_AVAILABILITY = YES_AGGRESSIVE;
				CLANG_WARN_UNREACHABLE_CODE = YES;
				CLANG_WARN__DUPLICATE_METHOD_MATCH = YES;
				COPY_PHASE_STRIP = NO;
				DEBUG_INFORMATION_FORMAT = dwarf;
				ENABLE_STRICT_OBJC_MSGSEND = YES;
				ENABLE_TESTABILITY = YES;
				GCC_C_LANGUAGE_STANDARD = gnu11;
				GCC_DYNAMIC_NO_PIC = NO;
				GCC_NO_COMMON_BLOCKS = YES;
				GCC_OPTIMIZATION_LEVEL = 0;
				GCC_PREPROCESSOR_DEFINITIONS = (
					"DEBUG=1",
					"$(inherited)",
				);
				GCC_WARN_64_TO_32_BIT_CONVERSION = YES;
				GCC_WARN_ABOUT_RETURN_TYPE = YES_ERROR;
				GCC_WARN_UNDECLARED_SELECTOR = YES;
				GCC_WARN_UNINITIALIZED_AUTOS = YES_AGGRESSIVE;
				GCC_WARN_UNUSED_FUNCTION = YES;
				GCC_WARN_UNUSED_VARIABLE = YES;
				IPHONEOS_DEPLOYMENT_TARGET = 16.4;
				MTL_ENABLE_DEBUG_INFO = INCLUDE_SOURCE;
				MTL_FAST_MATH = YES;
				ONLY_ACTIVE_ARCH = YES;
				SDKROOT = iphoneos;
				SWIFT_ACTIVE_COMPILATION_CONDITIONS = DEBUG;
				SWIFT_OPTIMIZATION_LEVEL = "-Onone";
			};
			name = Debug;
		};
		198C0FAF2A633EBC00278EB1 /* Release */ = {
			isa = XCBuildConfiguration;
			buildSettings = {
				ALWAYS_SEARCH_USER_PATHS = NO;
				CLANG_ANALYZER_NONNULL = YES;
				CLANG_ANALYZER_NUMBER_OBJECT_CONVERSION = YES_AGGRESSIVE;
				CLANG_CXX_LANGUAGE_STANDARD = "gnu++20";
				CLANG_ENABLE_MODULES = YES;
				CLANG_ENABLE_OBJC_ARC = YES;
				CLANG_ENABLE_OBJC_WEAK = YES;
				CLANG_WARN_BLOCK_CAPTURE_AUTORELEASING = YES;
				CLANG_WARN_BOOL_CONVERSION = YES;
				CLANG_WARN_COMMA = YES;
				CLANG_WARN_CONSTANT_CONVERSION = YES;
				CLANG_WARN_DEPRECATED_OBJC_IMPLEMENTATIONS = YES;
				CLANG_WARN_DIRECT_OBJC_ISA_USAGE = YES_ERROR;
				CLANG_WARN_DOCUMENTATION_COMMENTS = YES;
				CLANG_WARN_EMPTY_BODY = YES;
				CLANG_WARN_ENUM_CONVERSION = YES;
				CLANG_WARN_INFINITE_RECURSION = YES;
				CLANG_WARN_INT_CONVERSION = YES;
				CLANG_WARN_NON_LITERAL_NULL_CONVERSION = YES;
				CLANG_WARN_OBJC_IMPLICIT_RETAIN_SELF = YES;
				CLANG_WARN_OBJC_LITERAL_CONVERSION = YES;
				CLANG_WARN_OBJC_ROOT_CLASS = YES_ERROR;
				CLANG_WARN_QUOTED_INCLUDE_IN_FRAMEWORK_HEADER = YES;
				CLANG_WARN_RANGE_LOOP_ANALYSIS = YES;
				CLANG_WARN_STRICT_PROTOTYPES = YES;
				CLANG_WARN_SUSPICIOUS_MOVE = YES;
				CLANG_WARN_UNGUARDED_AVAILABILITY = YES_AGGRESSIVE;
				CLANG_WARN_UNREACHABLE_CODE = YES;
				CLANG_WARN__DUPLICATE_METHOD_MATCH = YES;
				COPY_PHASE_STRIP = NO;
				DEBUG_INFORMATION_FORMAT = "dwarf-with-dsym";
				ENABLE_NS_ASSERTIONS = NO;
				ENABLE_STRICT_OBJC_MSGSEND = YES;
				GCC_C_LANGUAGE_STANDARD = gnu11;
				GCC_NO_COMMON_BLOCKS = YES;
				GCC_WARN_64_TO_32_BIT_CONVERSION = YES;
				GCC_WARN_ABOUT_RETURN_TYPE = YES_ERROR;
				GCC_WARN_UNDECLARED_SELECTOR = YES;
				GCC_WARN_UNINITIALIZED_AUTOS = YES_AGGRESSIVE;
				GCC_WARN_UNUSED_FUNCTION = YES;
				GCC_WARN_UNUSED_VARIABLE = YES;
				IPHONEOS_DEPLOYMENT_TARGET = 16.4;
				MTL_ENABLE_DEBUG_INFO = NO;
				MTL_FAST_MATH = YES;
				SDKROOT = iphoneos;
				SWIFT_COMPILATION_MODE = wholemodule;
				SWIFT_OPTIMIZATION_LEVEL = "-O";
				VALIDATE_PRODUCT = YES;
			};
			name = Release;
		};
		198C0FB12A633EBC00278EB1 /* Debug */ = {
			isa = XCBuildConfiguration;
			buildSettings = {
				ASSETCATALOG_COMPILER_APPICON_NAME = AppIcon;
				ASSETCATALOG_COMPILER_GLOBAL_ACCENT_COLOR_NAME = AccentColor;
				ASSETCATALOG_COMPILER_INCLUDE_ALL_APPICON_ASSETS = YES;
				CODE_SIGN_STYLE = Automatic;
				CURRENT_PROJECT_VERSION = 1;
				DEVELOPMENT_ASSET_PATHS = "\"Hike/Preview Content\"";
				DEVELOPMENT_TEAM = 3N8YF6V23Z;
				ENABLE_PREVIEWS = YES;
				GENERATE_INFOPLIST_FILE = YES;
				INFOPLIST_KEY_UIApplicationSceneManifest_Generation = YES;
				INFOPLIST_KEY_UIApplicationSupportsIndirectInputEvents = YES;
				INFOPLIST_KEY_UILaunchScreen_Generation = YES;
				INFOPLIST_KEY_UISupportedInterfaceOrientations = UIInterfaceOrientationPortrait;
				LD_RUNPATH_SEARCH_PATHS = (
					"$(inherited)",
					"@executable_path/Frameworks",
				);
				MARKETING_VERSION = 1.0;
				PRODUCT_BUNDLE_IDENTIFIER = "artem-s-organization.Hike";
				PRODUCT_NAME = "$(TARGET_NAME)";
				SWIFT_EMIT_LOC_STRINGS = YES;
				SWIFT_VERSION = 5.0;
				TARGETED_DEVICE_FAMILY = "1,2";
			};
			name = Debug;
		};
		198C0FB22A633EBC00278EB1 /* Release */ = {
			isa = XCBuildConfiguration;
			buildSettings = {
				ASSETCATALOG_COMPILER_APPICON_NAME = AppIcon;
				ASSETCATALOG_COMPILER_GLOBAL_ACCENT_COLOR_NAME = AccentColor;
				ASSETCATALOG_COMPILER_INCLUDE_ALL_APPICON_ASSETS = YES;
				CODE_SIGN_STYLE = Automatic;
				CURRENT_PROJECT_VERSION = 1;
				DEVELOPMENT_ASSET_PATHS = "\"Hike/Preview Content\"";
				DEVELOPMENT_TEAM = 3N8YF6V23Z;
				ENABLE_PREVIEWS = YES;
				GENERATE_INFOPLIST_FILE = YES;
				INFOPLIST_KEY_UIApplicationSceneManifest_Generation = YES;
				INFOPLIST_KEY_UIApplicationSupportsIndirectInputEvents = YES;
				INFOPLIST_KEY_UILaunchScreen_Generation = YES;
				INFOPLIST_KEY_UISupportedInterfaceOrientations = UIInterfaceOrientationPortrait;
				LD_RUNPATH_SEARCH_PATHS = (
					"$(inherited)",
					"@executable_path/Frameworks",
				);
				MARKETING_VERSION = 1.0;
				PRODUCT_BUNDLE_IDENTIFIER = "artem-s-organization.Hike";
				PRODUCT_NAME = "$(TARGET_NAME)";
				SWIFT_EMIT_LOC_STRINGS = YES;
				SWIFT_VERSION = 5.0;
				TARGETED_DEVICE_FAMILY = "1,2";
			};
			name = Release;
		};
/* End XCBuildConfiguration section */

/* Begin XCConfigurationList section */
		198C0F9D2A633EBA00278EB1 /* Build configuration list for PBXProject "Hike" */ = {
			isa = XCConfigurationList;
			buildConfigurations = (
				198C0FAE2A633EBC00278EB1 /* Debug */,
				198C0FAF2A633EBC00278EB1 /* Release */,
			);
			defaultConfigurationIsVisible = 0;
			defaultConfigurationName = Release;
		};
		198C0FB02A633EBC00278EB1 /* Build configuration list for PBXNativeTarget "Hike" */ = {
			isa = XCConfigurationList;
			buildConfigurations = (
				198C0FB12A633EBC00278EB1 /* Debug */,
				198C0FB22A633EBC00278EB1 /* Release */,
			);
			defaultConfigurationIsVisible = 0;
			defaultConfigurationName = Release;
		};
/* End XCConfigurationList section */
	};
	rootObject = 198C0F9A2A633EBA00278EB1 /* Project object */;
}
